
Microsoft Visual Studio Solution File, Format Version 12.00
# Visual Studio Version 17
VisualStudioVersion = 17.1.32210.238
MinimumVisualStudioVersion = 10.0.40219.1
Project("{9A19103F-16F7-4668-BE54-9A1E7A4F7556}") = "Robintty.Npoi.Mapper", "Robintty.Npoi.Mapper.csproj", "{792159DC-4187-4948-8638-690949DE39C3}"
EndProject
Project("{9A19103F-16F7-4668-BE54-9A1E7A4F7556}") = "Robintty.Npoi.Mapper.Tests", "..\Robintty.Npoi.Mapper.Tests\Robintty.Npoi.Mapper.Tests.csproj", "{095318F0-B404-4F3A-9C32-6B5F17338D9A}"
EndProject
Global
	GlobalSection(SolutionConfigurationPlatforms) = preSolution
		Debug|Any CPU = Debug|Any CPU
		Release|Any CPU = Release|Any CPU
	EndGlobalSection
	GlobalSection(ProjectConfigurationPlatforms) = postSolution
		{792159DC-4187-4948-8638-690949DE39C3}.Debug|Any CPU.ActiveCfg = Debug|Any CPU
		{792159DC-4187-4948-8638-690949DE39C3}.Debug|Any CPU.Build.0 = Debug|Any CPU
		{792159DC-4187-4948-8638-690949DE39C3}.Release|Any CPU.ActiveCfg = Release|Any CPU
		{792159DC-4187-4948-8638-690949DE39C3}.Release|Any CPU.Build.0 = Release|Any CPU
		{095318F0-B404-4F3A-9C32-6B5F17338D9A}.Debug|Any CPU.ActiveCfg = Debug|Any CPU
		{095318F0-B404-4F3A-9C32-6B5F17338D9A}.Debug|Any CPU.Build.0 = Debug|Any CPU
		{095318F0-B404-4F3A-9C32-6B5F17338D9A}.Release|Any CPU.ActiveCfg = Release|Any CPU
		{095318F0-B404-4F3A-9C32-6B5F17338D9A}.Release|Any CPU.Build.0 = Release|Any CPU
	EndGlobalSection
	GlobalSection(SolutionProperties) = preSolution
		HideSolutionNode = FALSE
	EndGlobalSection
	GlobalSection(ExtensibilityGlobals) = postSolution
		SolutionGuid = {728834A9-2231-4E2E-86A5-A5B3E679E7A0}
	EndGlobalSection
EndGlobal
